
Microsoft Visual Studio Solution File, Format Version 12.00
# Visual Studio Version 16
VisualStudioVersion = 16.0.30204.135
MinimumVisualStudioVersion = 10.0.40219.1
Project("{FAE04EC0-301F-11D3-BF4B-00C04F79EFBC}") = "WorkerServiceDateTime", "WorkerServiceDateTime\WorkerServiceDateTime.csproj", "{79EF757A-B691-4D00-9971-1C6BFC9615DD}"
EndProject
Global
	GlobalSection(SolutionConfigurationPlatforms) = preSolution
		Debug|Any CPU = Debug|Any CPU
		Release|Any CPU = Release|Any CPU
	EndGlobalSection
	GlobalSection(ProjectConfigurationPlatforms) = postSolution
		{79EF757A-B691-4D00-9971-1C6BFC9615DD}.Debug|Any CPU.ActiveCfg = Debug|Any CPU
		{79EF757A-B691-4D00-9971-1C6BFC9615DD}.Debug|Any CPU.Build.0 = Debug|Any CPU
		{79EF757A-B691-4D00-9971-1C6BFC9615DD}.Release|Any CPU.ActiveCfg = Release|Any CPU
		{79EF757A-B691-4D00-9971-1C6BFC9615DD}.Release|Any CPU.Build.0 = Release|Any CPU
	EndGlobalSection
	GlobalSection(SolutionProperties) = preSolution
		HideSolutionNode = FALSE
	EndGlobalSection
	GlobalSection(ExtensibilityGlobals) = postSolution
		SolutionGuid = {F3190569-93D8-48DD-81DC-6D97E665B257}
	EndGlobalSection
EndGlobal
